
Microsoft Visual Studio Solution File, Format Version 12.00
# Visual Studio 14
VisualStudioVersion = 14.0.25420.1
MinimumVisualStudioVersion = 10.0.40219.1
Project("{FAE04EC0-301F-11D3-BF4B-00C04F79EFBC}") = "SeleniumDemo.WisejApp", "SeleniumDemo.WisejApp\SeleniumDemo.WisejApp.csproj", "{86CCE7FF-A65C-4219-80BA-8AD8C2CFD0BE}"
EndProject
Project("{FAE04EC0-301F-11D3-BF4B-00C04F79EFBC}") = "SeleniumDemo.Tests", "SeleniumDemo.Tests\SeleniumDemo.Tests.csproj", "{12C6E79F-F2AE-4793-BD5F-91AAB08E99B5}"
EndProject
Project("{FAE04EC0-301F-11D3-BF4B-00C04F79EFBC}") = "Wisej.Web.Ext.Selenium", "..\Wisej.Web.Ext.Selenium\Wisej.Web.Ext.Selenium\Wisej.Web.Ext.Selenium.csproj", "{06796775-9711-4451-A53C-654E4AB763B6}"
EndProject
Project("{FAE04EC0-301F-11D3-BF4B-00C04F79EFBC}") = "Wisej.Web.Ext.Selenium.NUnit", "..\Wisej.Web.Ext.Selenium\Wisej.Web.Ext.Selenium.NUnit\Wisej.Web.Ext.Selenium.NUnit.csproj", "{1431C61E-FE57-4CA7-B2B3-0EF79064B194}"
EndProject
Project("{2150E333-8FDC-42A3-9474-1A3956D46DE8}") = "Solution Items", "Solution Items", "{ADE7BED2-81C5-405C-90B1-2F381F0094F0}"
	ProjectSection(SolutionItems) = preProject
		EDGE-Readme.txt = EDGE-Readme.txt
	EndProjectSection
EndProject
Global
	GlobalSection(SolutionConfigurationPlatforms) = preSolution
		Debug|Any CPU = Debug|Any CPU
		Release|Any CPU = Release|Any CPU
	EndGlobalSection
	GlobalSection(ProjectConfigurationPlatforms) = postSolution
		{86CCE7FF-A65C-4219-80BA-8AD8C2CFD0BE}.Debug|Any CPU.ActiveCfg = Debug|Any CPU
		{86CCE7FF-A65C-4219-80BA-8AD8C2CFD0BE}.Debug|Any CPU.Build.0 = Debug|Any CPU
		{86CCE7FF-A65C-4219-80BA-8AD8C2CFD0BE}.Release|Any CPU.ActiveCfg = Release|Any CPU
		{86CCE7FF-A65C-4219-80BA-8AD8C2CFD0BE}.Release|Any CPU.Build.0 = Release|Any CPU
		{12C6E79F-F2AE-4793-BD5F-91AAB08E99B5}.Debug|Any CPU.ActiveCfg = Debug|Any CPU
		{12C6E79F-F2AE-4793-BD5F-91AAB08E99B5}.Debug|Any CPU.Build.0 = Debug|Any CPU
		{12C6E79F-F2AE-4793-BD5F-91AAB08E99B5}.Release|Any CPU.ActiveCfg = Release|Any CPU
		{12C6E79F-F2AE-4793-BD5F-91AAB08E99B5}.Release|Any CPU.Build.0 = Release|Any CPU
		{06796775-9711-4451-A53C-654E4AB763B6}.Debug|Any CPU.ActiveCfg = Debug|Any CPU
		{06796775-9711-4451-A53C-654E4AB763B6}.Debug|Any CPU.Build.0 = Debug|Any CPU
		{06796775-9711-4451-A53C-654E4AB763B6}.Release|Any CPU.ActiveCfg = Release|Any CPU
		{06796775-9711-4451-A53C-654E4AB763B6}.Release|Any CPU.Build.0 = Release|Any CPU
		{1431C61E-FE57-4CA7-B2B3-0EF79064B194}.Debug|Any CPU.ActiveCfg = Debug|Any CPU
		{1431C61E-FE57-4CA7-B2B3-0EF79064B194}.Debug|Any CPU.Build.0 = Debug|Any CPU
		{1431C61E-FE57-4CA7-B2B3-0EF79064B194}.Release|Any CPU.ActiveCfg = Release|Any CPU
		{1431C61E-FE57-4CA7-B2B3-0EF79064B194}.Release|Any CPU.Build.0 = Release|Any CPU
	EndGlobalSection
	GlobalSection(SolutionProperties) = preSolution
		HideSolutionNode = FALSE
	EndGlobalSection
EndGlobal
